
Microsoft Visual Studio Solution File, Format Version 12.00
# Visual Studio 2013
VisualStudioVersion = 12.0.40629.0
MinimumVisualStudioVersion = 10.0.40219.1
Project("{FAE04EC0-301F-11D3-BF4B-00C04F79EFBC}") = "MDORM.Entity", "MDORM.Entity\MDORM.Entity.csproj", "{61D371C8-F27A-4FA9-B2B9-0DAF658ED6DD}"
EndProject
Project("{FAE04EC0-301F-11D3-BF4B-00C04F79EFBC}") = "MDORM.DapperExt", "MDORM.DapperExt\MDORM.DapperExt.csproj", "{5F539A86-8F2B-4FE7-93D6-42459D6F6BCD}"
EndProject
Project("{2150E333-8FDC-42A3-9474-1A3956D46DE8}") = "ORM", "ORM", "{59513CFF-7D71-4DE6-B1D5-FD9B4F1FC527}"
EndProject
Project("{FAE04EC0-301F-11D3-BF4B-00C04F79EFBC}") = "MDORM.BusinessRepository", "MDORM.BusinessRepository\MDORM.BusinessRepository.csproj", "{D42E624C-B33A-4B00-95E1-087D16308C6A}"
EndProject
Project("{FAE04EC0-301F-11D3-BF4B-00C04F79EFBC}") = "MDORM.Test", "MDORM.Test\MDORM.Test.csproj", "{6B238865-A480-40A5-9693-6D9ABF328A0B}"
EndProject
Project("{FAE04EC0-301F-11D3-BF4B-00C04F79EFBC}") = "MDORM.Tools", "MDORM.Tools\MDORM.Tools.csproj", "{B165D385-7516-46DC-AED1-AB44F17970B7}"
EndProject
Project("{2150E333-8FDC-42A3-9474-1A3956D46DE8}") = "使用说明", "使用说明", "{B295131C-0321-4D89-A875-D6001A0F5BE8}"
	ProjectSection(SolutionItems) = preProject
		MDORM简介.txt = MDORM简介.txt
		使用说明.txt = 使用说明.txt
	EndProjectSection
EndProject
Project("{2150E333-8FDC-42A3-9474-1A3956D46DE8}") = "CodeSmith Template", "CodeSmith Template", "{0847B739-57E0-4A4C-A1C2-52E1D3307E58}"
EndProject
Project("{2150E333-8FDC-42A3-9474-1A3956D46DE8}") = "项目说明", "项目说明", "{C6D1A0C1-BDBD-481C-A0BC-EAFA21CEDE2B}"
	ProjectSection(SolutionItems) = preProject
		MDORM说明.chm = MDORM说明.chm
	EndProjectSection
EndProject
Project("{2150E333-8FDC-42A3-9474-1A3956D46DE8}") = "lib", "lib", "{B9BC06CB-1D16-4344-B725-CA37FAE0B946}"
EndProject
Project("{2150E333-8FDC-42A3-9474-1A3956D46DE8}") = "tool", "tool", "{C7E99087-74AD-490E-8D1D-98A24550503B}"
EndProject
Project("{FAE04EC0-301F-11D3-BF4B-00C04F79EFBC}") = "MDORM.Template", "MDORM.Template\MDORM.Template.csproj", "{80828BE8-AF7C-4D39-814A-4FA07627761F}"
EndProject
Global
	GlobalSection(SolutionConfigurationPlatforms) = preSolution
		Debug|Any CPU = Debug|Any CPU
		Release|Any CPU = Release|Any CPU
	EndGlobalSection
	GlobalSection(ProjectConfigurationPlatforms) = postSolution
		{61D371C8-F27A-4FA9-B2B9-0DAF658ED6DD}.Debug|Any CPU.ActiveCfg = Debug|Any CPU
		{61D371C8-F27A-4FA9-B2B9-0DAF658ED6DD}.Debug|Any CPU.Build.0 = Debug|Any CPU
		{61D371C8-F27A-4FA9-B2B9-0DAF658ED6DD}.Release|Any CPU.ActiveCfg = Release|Any CPU
		{61D371C8-F27A-4FA9-B2B9-0DAF658ED6DD}.Release|Any CPU.Build.0 = Release|Any CPU
		{5F539A86-8F2B-4FE7-93D6-42459D6F6BCD}.Debug|Any CPU.ActiveCfg = Debug|Any CPU
		{5F539A86-8F2B-4FE7-93D6-42459D6F6BCD}.Debug|Any CPU.Build.0 = Debug|Any CPU
		{5F539A86-8F2B-4FE7-93D6-42459D6F6BCD}.Release|Any CPU.ActiveCfg = Release|Any CPU
		{5F539A86-8F2B-4FE7-93D6-42459D6F6BCD}.Release|Any CPU.Build.0 = Release|Any CPU
		{D42E624C-B33A-4B00-95E1-087D16308C6A}.Debug|Any CPU.ActiveCfg = Debug|Any CPU
		{D42E624C-B33A-4B00-95E1-087D16308C6A}.Debug|Any CPU.Build.0 = Debug|Any CPU
		{D42E624C-B33A-4B00-95E1-087D16308C6A}.Release|Any CPU.ActiveCfg = Release|Any CPU
		{D42E624C-B33A-4B00-95E1-087D16308C6A}.Release|Any CPU.Build.0 = Release|Any CPU
		{6B238865-A480-40A5-9693-6D9ABF328A0B}.Debug|Any CPU.ActiveCfg = Debug|Any CPU
		{6B238865-A480-40A5-9693-6D9ABF328A0B}.Debug|Any CPU.Build.0 = Debug|Any CPU
		{6B238865-A480-40A5-9693-6D9ABF328A0B}.Release|Any CPU.ActiveCfg = Release|Any CPU
		{6B238865-A480-40A5-9693-6D9ABF328A0B}.Release|Any CPU.Build.0 = Release|Any CPU
		{B165D385-7516-46DC-AED1-AB44F17970B7}.Debug|Any CPU.ActiveCfg = Debug|Any CPU
		{B165D385-7516-46DC-AED1-AB44F17970B7}.Debug|Any CPU.Build.0 = Debug|Any CPU
		{B165D385-7516-46DC-AED1-AB44F17970B7}.Release|Any CPU.ActiveCfg = Release|Any CPU
		{B165D385-7516-46DC-AED1-AB44F17970B7}.Release|Any CPU.Build.0 = Release|Any CPU
		{80828BE8-AF7C-4D39-814A-4FA07627761F}.Debug|Any CPU.ActiveCfg = Debug|Any CPU
		{80828BE8-AF7C-4D39-814A-4FA07627761F}.Debug|Any CPU.Build.0 = Debug|Any CPU
		{80828BE8-AF7C-4D39-814A-4FA07627761F}.Release|Any CPU.ActiveCfg = Release|Any CPU
		{80828BE8-AF7C-4D39-814A-4FA07627761F}.Release|Any CPU.Build.0 = Release|Any CPU
	EndGlobalSection
	GlobalSection(SolutionProperties) = preSolution
		HideSolutionNode = FALSE
	EndGlobalSection
	GlobalSection(NestedProjects) = preSolution
		{5F539A86-8F2B-4FE7-93D6-42459D6F6BCD} = {59513CFF-7D71-4DE6-B1D5-FD9B4F1FC527}
		{80828BE8-AF7C-4D39-814A-4FA07627761F} = {0847B739-57E0-4A4C-A1C2-52E1D3307E58}
	EndGlobalSection
EndGlobal
